// !$*UTF8*$!
{
	archiveVersion = 1;
	classes = {
	};
	objectVersion = 46;
	objects = {

/* Begin PBXBuildFile section */
		164150EF1CAA461200634177 /* AppDelegate.swift in Sources */ = {isa = PBXBuildFile; fileRef = 164150EE1CAA461200634177 /* AppDelegate.swift */; };
		164150F11CAA461200634177 /* ViewController.swift in Sources */ = {isa = PBXBuildFile; fileRef = 164150F01CAA461200634177 /* ViewController.swift */; };
		164150F61CAA461200634177 /* Assets.xcassets in Resources */ = {isa = PBXBuildFile; fileRef = 164150F51CAA461200634177 /* Assets.xcassets */; };
		164150F91CAA461200634177 /* LaunchScreen.storyboard in Resources */ = {isa = PBXBuildFile; fileRef = 164150F71CAA461200634177 /* LaunchScreen.storyboard */; };
		B422F1B6716E1841EBA00AB6 /* Pods_PlaygroundPrototype.framework in Frameworks */ = {isa = PBXBuildFile; fileRef = DD35226A58749235713217F3 /* Pods_PlaygroundPrototype.framework */; };
/* End PBXBuildFile section */

/* Begin PBXFileReference section */
		016D83AC7F685426C6EB5870 /* Pods-PlaygroundPrototype.release.xcconfig */ = {isa = PBXFileReference; includeInIndex = 1; lastKnownFileType = text.xcconfig; name = "Pods-PlaygroundPrototype.release.xcconfig"; path = "Pods/Target Support Files/Pods-PlaygroundPrototype/Pods-PlaygroundPrototype.release.xcconfig"; sourceTree = "<group>"; };
		164150EB1CAA461100634177 /* PlaygroundPrototype.app */ = {isa = PBXFileReference; explicitFileType = wrapper.application; includeInIndex = 0; path = PlaygroundPrototype.app; sourceTree = BUILT_PRODUCTS_DIR; };
		164150EE1CAA461200634177 /* AppDelegate.swift */ = {isa = PBXFileReference; lastKnownFileType = sourcecode.swift; path = AppDelegate.swift; sourceTree = "<group>"; };
		164150F01CAA461200634177 /* ViewController.swift */ = {isa = PBXFileReference; lastKnownFileType = sourcecode.swift; path = ViewController.swift; sourceTree = "<group>"; };
		164150F51CAA461200634177 /* Assets.xcassets */ = {isa = PBXFileReference; lastKnownFileType = folder.assetcatalog; path = Assets.xcassets; sourceTree = "<group>"; };
		164150F81CAA461200634177 /* Base */ = {isa = PBXFileReference; lastKnownFileType = file.storyboard; name = Base; path = Base.lproj/LaunchScreen.storyboard; sourceTree = "<group>"; };
		164150FA1CAA461200634177 /* Info.plist */ = {isa = PBXFileReference; lastKnownFileType = text.plist.xml; path = Info.plist; sourceTree = "<group>"; };
		164151001CAA4CC200634177 /* ViewControllerPlayground.playground */ = {isa = PBXFileReference; lastKnownFileType = file.playground; path = ViewControllerPlayground.playground; sourceTree = "<group>"; };
		DD35226A58749235713217F3 /* Pods_PlaygroundPrototype.framework */ = {isa = PBXFileReference; explicitFileType = wrapper.framework; includeInIndex = 0; path = Pods_PlaygroundPrototype.framework; sourceTree = BUILT_PRODUCTS_DIR; };
		DE77DBA4ED9DAD2F50B2F7AB /* Pods-PlaygroundPrototype.debug.xcconfig */ = {isa = PBXFileReference; includeInIndex = 1; lastKnownFileType = text.xcconfig; name = "Pods-PlaygroundPrototype.debug.xcconfig"; path = "Pods/Target Support Files/Pods-PlaygroundPrototype/Pods-PlaygroundPrototype.debug.xcconfig"; sourceTree = "<group>"; };
/* End PBXFileReference section */

/* Begin PBXFrameworksBuildPhase section */
		164150E81CAA461100634177 /* Frameworks */ = {
			isa = PBXFrameworksBuildPhase;
			buildActionMask = 2147483647;
			files = (
				B422F1B6716E1841EBA00AB6 /* Pods_PlaygroundPrototype.framework in Frameworks */,
			);
			runOnlyForDeploymentPostprocessing = 0;
		};
/* End PBXFrameworksBuildPhase section */

/* Begin PBXGroup section */
		164150E21CAA461100634177 = {
			isa = PBXGroup;
			children = (
				164150ED1CAA461200634177 /* PlaygroundPrototype */,
				164150EC1CAA461100634177 /* Products */,
				1B20DCEF291E42CFE4823BB6 /* Pods */,
				2BB7257F06785AB1DFF0C26E /* Frameworks */,
			);
			sourceTree = "<group>";
		};
		164150EC1CAA461100634177 /* Products */ = {
			isa = PBXGroup;
			children = (
				164150EB1CAA461100634177 /* PlaygroundPrototype.app */,
			);
			name = Products;
			sourceTree = "<group>";
		};
		164150ED1CAA461200634177 /* PlaygroundPrototype */ = {
			isa = PBXGroup;
			children = (
				164150EE1CAA461200634177 /* AppDelegate.swift */,
				164150F01CAA461200634177 /* ViewController.swift */,
				164150F51CAA461200634177 /* Assets.xcassets */,
				164150F71CAA461200634177 /* LaunchScreen.storyboard */,
				164150FA1CAA461200634177 /* Info.plist */,
				164151001CAA4CC200634177 /* ViewControllerPlayground.playground */,
			);
			path = PlaygroundPrototype;
			sourceTree = "<group>";
		};
		1B20DCEF291E42CFE4823BB6 /* Pods */ = {
			isa = PBXGroup;
			children = (
				DE77DBA4ED9DAD2F50B2F7AB /* Pods-PlaygroundPrototype.debug.xcconfig */,
				016D83AC7F685426C6EB5870 /* Pods-PlaygroundPrototype.release.xcconfig */,
			);
			name = Pods;
			sourceTree = "<group>";
		};
		2BB7257F06785AB1DFF0C26E /* Frameworks */ = {
			isa = PBXGroup;
			children = (
				DD35226A58749235713217F3 /* Pods_PlaygroundPrototype.framework */,
			);
			name = Frameworks;
			sourceTree = "<group>";
		};
/* End PBXGroup section */

/* Begin PBXNativeTarget section */
		164150EA1CAA461100634177 /* PlaygroundPrototype */ = {
			isa = PBXNativeTarget;
			buildConfigurationList = 164150FD1CAA461200634177 /* Build configuration list for PBXNativeTarget "PlaygroundPrototype" */;
			buildPhases = (
				5F3AD5ADDFC1EEE1F35534D6 /* Check Pods Manifest.lock */,
				164150E71CAA461100634177 /* Sources */,
				164150E81CAA461100634177 /* Frameworks */,
				164150E91CAA461100634177 /* Resources */,
				015D158D8CCD8276483F28C4 /* Embed Pods Frameworks */,
				61DDC59A593256CDE7639DEF /* Copy Pods Resources */,
			);
			buildRules = (
			);
			dependencies = (
			);
			name = PlaygroundPrototype;
			productName = PlaygroundPrototype;
			productReference = 164150EB1CAA461100634177 /* PlaygroundPrototype.app */;
			productType = "com.apple.product-type.application";
		};
/* End PBXNativeTarget section */

/* Begin PBXProject section */
		164150E31CAA461100634177 /* Project object */ = {
			isa = PBXProject;
			attributes = {
				LastSwiftUpdateCheck = 0730;
				LastUpgradeCheck = 0730;
				ORGANIZATIONNAME = KenzoNirasawa;
				TargetAttributes = {
					164150EA1CAA461100634177 = {
						CreatedOnToolsVersion = 7.3;
					};
				};
			};
			buildConfigurationList = 164150E61CAA461100634177 /* Build configuration list for PBXProject "PlaygroundPrototype" */;
			compatibilityVersion = "Xcode 3.2";
			developmentRegion = English;
			hasScannedForEncodings = 0;
			knownRegions = (
				en,
				Base,
			);
			mainGroup = 164150E21CAA461100634177;
			productRefGroup = 164150EC1CAA461100634177 /* Products */;
			projectDirPath = "";
			projectRoot = "";
			targets = (
				164150EA1CAA461100634177 /* PlaygroundPrototype */,
			);
		};
/* End PBXProject section */

/* Begin PBXResourcesBuildPhase section */
		164150E91CAA461100634177 /* Resources */ = {
			isa = PBXResourcesBuildPhase;
			buildActionMask = 2147483647;
			files = (
				164150F91CAA461200634177 /* LaunchScreen.storyboard in Resources */,
				164150F61CAA461200634177 /* Assets.xcassets in Resources */,
			);
			runOnlyForDeploymentPostprocessing = 0;
		};
/* End PBXResourcesBuildPhase section */

/* Begin PBXShellScriptBuildPhase section */
		015D158D8CCD8276483F28C4 /* Embed Pods Frameworks */ = {
			isa = PBXShellScriptBuildPhase;
			buildActionMask = 2147483647;
			files = (
			);
			inputPaths = (
			);
			name = "Embed Pods Frameworks";
			outputPaths = (
			);
			runOnlyForDeploymentPostprocessing = 0;
			shellPath = /bin/sh;
			shellScript = "\"${SRCROOT}/Pods/Target Support Files/Pods-PlaygroundPrototype/Pods-PlaygroundPrototype-frameworks.sh\"\n";
			showEnvVarsInLog = 0;
		};
		5F3AD5ADDFC1EEE1F35534D6 /* Check Pods Manifest.lock */ = {
			isa = PBXShellScriptBuildPhase;
			buildActionMask = 2147483647;
			files = (
			);
			inputPaths = (
			);
			name = "Check Pods Manifest.lock";
			outputPaths = (
			);
			runOnlyForDeploymentPostprocessing = 0;
			shellPath = /bin/sh;
			shellScript = "diff \"${PODS_ROOT}/../Podfile.lock\" \"${PODS_ROOT}/Manifest.lock\" > /dev/null\nif [[ $? != 0 ]] ; then\n    cat << EOM\nerror: The sandbox is not in sync with the Podfile.lock. Run 'pod install' or update your CocoaPods installation.\nEOM\n    exit 1\nfi\n";
			showEnvVarsInLog = 0;
		};
		61DDC59A593256CDE7639DEF /* Copy Pods Resources */ = {
			isa = PBXShellScriptBuildPhase;
			buildActionMask = 2147483647;
			files = (
			);
			inputPaths = (
			);
			name = "Copy Pods Resources";
			outputPaths = (
			);
			runOnlyForDeploymentPostprocessing = 0;
			shellPath = /bin/sh;
			shellScript = "\"${SRCROOT}/Pods/Target Support Files/Pods-PlaygroundPrototype/Pods-PlaygroundPrototype-resources.sh\"\n";
			showEnvVarsInLog = 0;
		};
/* End PBXShellScriptBuildPhase section */

/* Begin PBXSourcesBuildPhase section */
		164150E71CAA461100634177 /* Sources */ = {
			isa = PBXSourcesBuildPhase;
			buildActionMask = 2147483647;
			files = (
				164150F11CAA461200634177 /* ViewController.swift in Sources */,
				164150EF1CAA461200634177 /* AppDelegate.swift in Sources */,
			);
			runOnlyForDeploymentPostprocessing = 0;
		};
/* End PBXSourcesBuildPhase section */

/* Begin PBXVariantGroup section */
		164150F71CAA461200634177 /* LaunchScreen.storyboard */ = {
			isa = PBXVariantGroup;
			children = (
				164150F81CAA461200634177 /* Base */,
			);
			name = LaunchScreen.storyboard;
			sourceTree = "<group>";
		};
/* End PBXVariantGroup section */

/* Begin XCBuildConfiguration section */
		164150FB1CAA461200634177 /* Debug */ = {
			isa = XCBuildConfiguration;
			buildSettings = {
				ALWAYS_SEARCH_USER_PATHS = NO;
				CLANG_ANALYZER_NONNULL = YES;
				CLANG_CXX_LANGUAGE_STANDARD = "gnu++0x";
				CLANG_CXX_LIBRARY = "libc++";
				CLANG_ENABLE_MODULES = YES;
				CLANG_ENABLE_OBJC_ARC = YES;
				CLANG_WARN_BOOL_CONVERSION = YES;
				CLANG_WARN_CONSTANT_CONVERSION = YES;
				CLANG_WARN_DIRECT_OBJC_ISA_USAGE = YES_ERROR;
				CLANG_WARN_EMPTY_BODY = YES;
				CLANG_WARN_ENUM_CONVERSION = YES;
				CLANG_WARN_INT_CONVERSION = YES;
				CLANG_WARN_OBJC_ROOT_CLASS = YES_ERROR;
				CLANG_WARN_UNREACHABLE_CODE = YES;
				CLANG_WARN__DUPLICATE_METHOD_MATCH = YES;
				"CODE_SIGN_IDENTITY[sdk=iphoneos*]" = "iPhone Developer";
				COPY_PHASE_STRIP = NO;
				DEBUG_INFORMATION_FORMAT = dwarf;
				ENABLE_STRICT_OBJC_MSGSEND = YES;
				ENABLE_TESTABILITY = YES;
				GCC_C_LANGUAGE_STANDARD = gnu99;
				GCC_DYNAMIC_NO_PIC = NO;
				GCC_NO_COMMON_BLOCKS = YES;
				GCC_OPTIMIZATION_LEVEL = 0;
				GCC_PREPROCESSOR_DEFINITIONS = (
					"DEBUG=1",
					"$(inherited)",
				);
				GCC_WARN_64_TO_32_BIT_CONVERSION = YES;
				GCC_WARN_ABOUT_RETURN_TYPE = YES_ERROR;
				GCC_WARN_UNDECLARED_SELECTOR = YES;
				GCC_WARN_UNINITIALIZED_AUTOS = YES_AGGRESSIVE;
				GCC_WARN_UNUSED_FUNCTION = YES;
				GCC_WARN_UNUSED_VARIABLE = YES;
				IPHONEOS_DEPLOYMENT_TARGET = 9.3;
				MTL_ENABLE_DEBUG_INFO = YES;
				ONLY_ACTIVE_ARCH = YES;
				SDKROOT = iphoneos;
				SWIFT_OPTIMIZATION_LEVEL = "-Onone";
			};
			name = Debug;
		};
		164150FC1CAA461200634177 /* Release */ = {
			isa = XCBuildConfiguration;
			buildSettings = {
				ALWAYS_SEARCH_USER_PATHS = NO;
				CLANG_ANALYZER_NONNULL = YES;
				CLANG_CXX_LANGUAGE_STANDARD = "gnu++0x";
				CLANG_CXX_LIBRARY = "libc++";
				CLANG_ENABLE_MODULES = YES;
				CLANG_ENABLE_OBJC_ARC = YES;
				CLANG_WARN_BOOL_CONVERSION = YES;
				CLANG_WARN_CONSTANT_CONVERSION = YES;
				CLANG_WARN_DIRECT_OBJC_ISA_USAGE = YES_ERROR;
				CLANG_WARN_EMPTY_BODY = YES;
				CLANG_WARN_ENUM_CONVERSION = YES;
				CLANG_WARN_INT_CONVERSION = YES;
				CLANG_WARN_OBJC_ROOT_CLASS = YES_ERROR;
				CLANG_WARN_UNREACHABLE_CODE = YES;
				CLANG_WARN__DUPLICATE_METHOD_MATCH = YES;
				"CODE_SIGN_IDENTITY[sdk=iphoneos*]" = "iPhone Developer";
				COPY_PHASE_STRIP = NO;
				DEBUG_INFORMATION_FORMAT = "dwarf-with-dsym";
				ENABLE_NS_ASSERTIONS = NO;
				ENABLE_STRICT_OBJC_MSGSEND = YES;
				GCC_C_LANGUAGE_STANDARD = gnu99;
				GCC_NO_COMMON_BLOCKS = YES;
				GCC_WARN_64_TO_32_BIT_CONVERSION = YES;
				GCC_WARN_ABOUT_RETURN_TYPE = YES_ERROR;
				GCC_WARN_UNDECLARED_SELECTOR = YES;
				GCC_WARN_UNINITIALIZED_AUTOS = YES_AGGRESSIVE;
				GCC_WARN_UNUSED_FUNCTION = YES;
				GCC_WARN_UNUSED_VARIABLE = YES;
				IPHONEOS_DEPLOYMENT_TARGET = 9.3;
				MTL_ENABLE_DEBUG_INFO = NO;
				SDKROOT = iphoneos;
				VALIDATE_PRODUCT = YES;
			};
			name = Release;
		};
		164150FE1CAA461200634177 /* Debug */ = {
			isa = XCBuildConfiguration;
			baseConfigurationReference = DE77DBA4ED9DAD2F50B2F7AB /* Pods-PlaygroundPrototype.debug.xcconfig */;
			buildSettings = {
				ASSETCATALOG_COMPILER_APPICON_NAME = AppIcon;
				INFOPLIST_FILE = PlaygroundPrototype/Info.plist;
				LD_RUNPATH_SEARCH_PATHS = "$(inherited) @executable_path/Frameworks";
				PRODUCT_BUNDLE_IDENTIFIER = jp.co.niratest.PlaygroundPrototype;
				PRODUCT_NAME = "$(TARGET_NAME)";
			};
			name = Debug;
		};
		164150FF1CAA461200634177 /* Release */ = {
			isa = XCBuildConfiguration;
			baseConfigurationReference = 016D83AC7F685426C6EB5870 /* Pods-PlaygroundPrototype.release.xcconfig */;
			buildSettings = {
				ASSETCATALOG_COMPILER_APPICON_NAME = AppIcon;
				INFOPLIST_FILE = PlaygroundPrototype/Info.plist;
				LD_RUNPATH_SEARCH_PATHS = "$(inherited) @executable_path/Frameworks";
				PRODUCT_BUNDLE_IDENTIFIER = jp.co.niratest.PlaygroundPrototype;
				PRODUCT_NAME = "$(TARGET_NAME)";
			};
			name = Release;
		};
/* End XCBuildConfiguration section */

/* Begin XCConfigurationList section */
		164150E61CAA461100634177 /* Build configuration list for PBXProject "PlaygroundPrototype" */ = {
			isa = XCConfigurationList;
			buildConfigurations = (
				164150FB1CAA461200634177 /* Debug */,
				164150FC1CAA461200634177 /* Release */,
			);
			defaultConfigurationIsVisible = 0;
			defaultConfigurationName = Release;
		};
		164150FD1CAA461200634177 /* Build configuration list for PBXNativeTarget "PlaygroundPrototype" */ = {
			isa = XCConfigurationList;
			buildConfigurations = (
				164150FE1CAA461200634177 /* Debug */,
				164150FF1CAA461200634177 /* Release */,
			);
			defaultConfigurationIsVisible = 0;
			defaultConfigurationName = Release;
		};
/* End XCConfigurationList section */
	};
	rootObject = 164150E31CAA461100634177 /* Project object */;
}
